
Microsoft Visual Studio Solution File, Format Version 12.00
# Visual Studio Version 17
VisualStudioVersion = 17.5.33530.505
MinimumVisualStudioVersion = 10.0.40219.1
Project("{FAE04EC0-301F-11D3-BF4B-00C04F79EFBC}") = "FFT", "FFT.csproj", "{BDDB727C-FB06-49B4-AFA1-ECB1E054EF69}"
EndProject
Global
	GlobalSection(SolutionConfigurationPlatforms) = preSolution
		Debug|Any CPU = Debug|Any CPU
		Release|Any CPU = Release|Any CPU
	EndGlobalSection
	GlobalSection(ProjectConfigurationPlatforms) = postSolution
		{BDDB727C-FB06-49B4-AFA1-ECB1E054EF69}.Debug|Any CPU.ActiveCfg = Debug|Any CPU
		{BDDB727C-FB06-49B4-AFA1-ECB1E054EF69}.Debug|Any CPU.Build.0 = Debug|Any CPU
		{BDDB727C-FB06-49B4-AFA1-ECB1E054EF69}.Release|Any CPU.ActiveCfg = Release|Any CPU
		{BDDB727C-FB06-49B4-AFA1-ECB1E054EF69}.Release|Any CPU.Build.0 = Release|Any CPU
	EndGlobalSection
	GlobalSection(SolutionProperties) = preSolution
		HideSolutionNode = FALSE
	EndGlobalSection
	GlobalSection(ExtensibilityGlobals) = postSolution
		SolutionGuid = {0558CDC9-3758-443D-8EAA-753DCD1BF72C}
	EndGlobalSection
EndGlobal
